<?xml version="1.0" encoding="utf-8"?>
<Project xmlns="http://schemas.microsoft.com/developer/msbuild/2003">
  <ItemGroup>
    <Filter Include="Generated Files">
      <UniqueIdentifier>{71ED8ED8-ACB9-4CE9-BBE1-E00B30144E11}</UniqueIdentifier>
      <Extensions>cpp;c;cxx;moc;h;def;odl;idl;res;</Extensions>
    </Filter>
    <Filter Include="Generated Files">
      <UniqueIdentifier>{71ED8ED8-ACB9-4CE9-BBE1-E00B30144E11}</UniqueIdentifier>
      <Extensions>cpp;c;cxx;moc;h;def;odl;idl;res;</Extensions>
    </Filter>
    <Filter Include="Header Files">
      <UniqueIdentifier>{93995380-89BD-4b04-88EB-625FBE52EBFB}</UniqueIdentifier>
      <Extensions>h;hpp;hxx;hm;inl;inc;xsd</Extensions>
    </Filter>
    <Filter Include="Header Files">
      <UniqueIdentifier>{93995380-89BD-4b04-88EB-625FBE52EBFB}</UniqueIdentifier>
      <Extensions>h;hpp;hxx;hm;inl;inc;xsd</Extensions>
    </Filter>
    <Filter Include="Resource Files">
      <UniqueIdentifier>{D9D6E242-F8AF-46E4-B9FD-80ECBC20BA3E}</UniqueIdentifier>
      <Extensions>qrc;*</Extensions>
      <ParseFiles>false</ParseFiles>
    </Filter>
    <Filter Include="Resource Files">
      <UniqueIdentifier>{D9D6E242-F8AF-46E4-B9FD-80ECBC20BA3E}</UniqueIdentifier>
      <Extensions>qrc;*</Extensions>
      <ParseFiles>false</ParseFiles>
    </Filter>
    <Filter Include="Source Files">
      <UniqueIdentifier>{4FC737F1-C7A5-4376-A066-2A32D752A2FF}</UniqueIdentifier>
      <Extensions>cpp;c;cxx;def;odl;idl;hpj;bat;asm;asmx</Extensions>
    </Filter>
    <Filter Include="Source Files">
      <UniqueIdentifier>{4FC737F1-C7A5-4376-A066-2A32D752A2FF}</UniqueIdentifier>
      <Extensions>cpp;c;cxx;def;odl;idl;hpj;bat;asm;asmx</Extensions>
    </Filter>
  </ItemGroup>
  <ItemGroup>
    <ClCompile Include="SysTools.cpp">
      <Filter>Source Files</Filter>
    </ClCompile>
    <ClCompile Include="volume\VolumeData.cpp">
      <Filter>Source Files</Filter>
    </ClCompile>
    <ClCompile Include="camera3d.cpp">
      <Filter>Source Files</Filter>
    </ClCompile>
    <ClCompile Include="dataloader.cpp">
      <Filter>Source Files</Filter>
    </ClCompile>
    <ClCompile Include="debugdraw.cpp">
      <Filter>Source Files</Filter>
    </ClCompile>
    <ClCompile Include="frameresult.cpp">
      <Filter>Source Files</Filter>
    </ClCompile>
    <ClCompile Include="geometry.cpp">
      <Filter>Source Files</Filter>
    </ClCompile>
    <ClCompile Include="global.cpp">
      <Filter>Source Files</Filter>
    </ClCompile>
    <ClCompile Include="input.cpp">
      <Filter>Source Files</Filter>
    </ClCompile>
    <ClCompile Include="main.cpp">
      <Filter>Source Files</Filter>
    </ClCompile>
    <ClCompile Include="graph\massspringsystem.cpp">
      <Filter>Source Files</Filter>
    </ClCompile>
    <ClCompile Include="volume\octree.cpp">
      <Filter>Source Files</Filter>
    </ClCompile>
    <ClCompile Include="OpenGL\openglerror.cpp">
      <Filter>Source Files</Filter>
    </ClCompile>
    <ClCompile Include="params.cpp">
      <Filter>Source Files</Filter>
    </ClCompile>
    <ClCompile Include="graph\pointmass.cpp">
      <Filter>Source Files</Filter>
    </ClCompile>
    <ClCompile Include="profiler.cpp">
      <Filter>Source Files</Filter>
    </ClCompile>
    <ClCompile Include="graph\spring.cpp">
      <Filter>Source Files</Filter>
    </ClCompile>
    <ClCompile Include="transform3d.cpp">
      <Filter>Source Files</Filter>
    </ClCompile>
    <ClCompile Include="volume\volblockanalyzer.cpp">
      <Filter>Source Files</Filter>
    </ClCompile>
    <ClCompile Include="volume\volumeblock.cpp">
      <Filter>Source Files</Filter>
    </ClCompile>
    <ClCompile Include="window.cpp">
      <Filter>Source Files</Filter>
    </ClCompile>
    <ClCompile Include="dataAnalyzer.cpp">
      <Filter>Source Files</Filter>
    </ClCompile>
    <ClCompile Include="Boxplot.cpp">
      <Filter>Source Files</Filter>
    </ClCompile>
    <ClCompile Include="QGLGraphView.cpp">
      <Filter>Source Files</Filter>
    </ClCompile>
    <ClCompile Include="QGLAdjMatrixView.cpp">
      <Filter>Source Files</Filter>
    </ClCompile>
  </ItemGroup>
  <ItemGroup>
    <ClInclude Include="dataHandling\CSVRow.h">
      <Filter>Header Files</Filter>
    </ClInclude>
    <ClInclude Include="MyVectors.h">
      <Filter>Header Files</Filter>
    </ClInclude>
    <ClInclude Include="OpenGL\OpenGLBuffer">
      <Filter>Header Files</Filter>
    </ClInclude>
    <ClInclude Include="OpenGL\OpenGLCommon">
      <Filter>Header Files</Filter>
    </ClInclude>
    <ClInclude Include="OpenGL\OpenGLError">
      <Filter>Header Files</Filter>
    </ClInclude>
    <ClInclude Include="OpenGL\OpenGLFunctions">
      <Filter>Header Files</Filter>
    </ClInclude>
    <ClInclude Include="OpenGL\OpenGLMarkerScoped">
      <Filter>Header Files</Filter>
    </ClInclude>
    <ClInclude Include="OpenGL\OpenGLShaderProgram">
      <Filter>Header Files</Filter>
    </ClInclude>
    <ClInclude Include="OpenGL\OpenGLVertexArrayObject">
      <Filter>Header Files</Filter>
    </ClInclude>
    <ClInclude Include="StdDefines.h">
      <Filter>Header Files</Filter>
    </ClInclude>
    <ClInclude Include="SysTools.h">
      <Filter>Header Files</Filter>
    </ClInclude>
    <ClInclude Include="volume\VolumeData.h">
      <Filter>Header Files</Filter>
    </ClInclude>
    <ClInclude Include="scythe\scythestat\algorithm.h">
      <Filter>Header Files</Filter>
    </ClInclude>
    <ClInclude Include="camera3d.h">
      <Filter>Header Files</Filter>
    </ClInclude>
    <ClInclude Include="scythe\scythestat\datablock.h">
      <Filter>Header Files</Filter>
    </ClInclude>
    <ClInclude Include="dataloader.h">
      <Filter>Header Files</Filter>
    </ClInclude>
    <ClInclude Include="debugdraw.h">
      <Filter>Header Files</Filter>
    </ClInclude>
    <ClInclude Include="debugvertex.h">
      <Filter>Header Files</Filter>
    </ClInclude>
    <ClInclude Include="scythe\scythestat\defs.h">
      <Filter>Header Files</Filter>
    </ClInclude>
    <ClInclude Include="scythe\scythestat\distributions.h">
      <Filter>Header Files</Filter>
    </ClInclude>
    <ClInclude Include="scythe\scythestat\error.h">
      <Filter>Header Files</Filter>
    </ClInclude>
    <ClInclude Include="frameresult.h">
      <Filter>Header Files</Filter>
    </ClInclude>
    <ClInclude Include="geometry.h">
      <Filter>Header Files</Filter>
    </ClInclude>
    <ClInclude Include="global.h">
      <Filter>Header Files</Filter>
    </ClInclude>
    <ClInclude Include="scythe\scythestat\ide.h">
      <Filter>Header Files</Filter>
    </ClInclude>
    <ClInclude Include="input.h">
      <Filter>Header Files</Filter>
    </ClInclude>
    <ClInclude Include="scythe\scythestat\la.h">
      <Filter>Header Files</Filter>
    </ClInclude>
    <ClInclude Include="scythe\scythestat\lapack.h">
      <Filter>Header Files</Filter>
    </ClInclude>
    <ClInclude Include="scythe\scythestat\rng\lecuyer.h">
      <Filter>Header Files</Filter>
    </ClInclude>
    <ClInclude Include="macros.h">
      <Filter>Header Files</Filter>
    </ClInclude>
    <ClInclude Include="graph\massspringsystem.h">
      <Filter>Header Files</Filter>
    </ClInclude>
    <ClInclude Include="scythe\scythestat\matrix.h">
      <Filter>Header Files</Filter>
    </ClInclude>
    <ClInclude Include="scythe\scythestat\matrix_bidirectional_iterator.h">
      <Filter>Header Files</Filter>
    </ClInclude>
    <ClInclude Include="scythe\scythestat\matrix_forward_iterator.h">
      <Filter>Header Files</Filter>
    </ClInclude>
    <ClInclude Include="scythe\scythestat\matrix_random_access_iterator.h">
      <Filter>Header Files</Filter>
    </ClInclude>
    <ClInclude Include="scythe\scythestat\rng\mersenne.h">
      <Filter>Header Files</Filter>
    </ClInclude>
    <ClInclude Include="volume\octree.h">
      <Filter>Header Files</Filter>
    </ClInclude>
    <ClInclude Include="OpenGL\openglbuffer.h">
      <Filter>Header Files</Filter>
    </ClInclude>
    <ClInclude Include="OpenGL\openglcommon.h">
      <Filter>Header Files</Filter>
    </ClInclude>
    <ClInclude Include="OpenGL\openglerror.h">
      <Filter>Header Files</Filter>
    </ClInclude>
    <ClInclude Include="OpenGL\openglfunctions.h">
      <Filter>Header Files</Filter>
    </ClInclude>
    <ClInclude Include="OpenGL\openglmarkerscoped.h">
      <Filter>Header Files</Filter>
    </ClInclude>
    <ClInclude Include="OpenGL\openglshaderprogram.h">
      <Filter>Header Files</Filter>
    </ClInclude>
    <ClInclude Include="OpenGL\openglvertexarrayobject.h">
      <Filter>Header Files</Filter>
    </ClInclude>
    <ClInclude Include="scythe\scythestat\optimize.h">
      <Filter>Header Files</Filter>
    </ClInclude>
    <ClInclude Include="params.h">
      <Filter>Header Files</Filter>
    </ClInclude>
    <ClInclude Include="graph\pointmass.h">
      <Filter>Header Files</Filter>
    </ClInclude>
    <CustomBuild Include="profiler.h">
      <Filter>Header Files</Filter>
    </CustomBuild>
    <ClInclude Include="scythe\scythestat\rng.h">
      <Filter>Header Files</Filter>
    </ClInclude>
    <ClInclude Include="scythe\scythestat\rng\rtmvnorm.h">
      <Filter>Header Files</Filter>
    </ClInclude>
    <ClInclude Include="scythe\scythestat\smath.h">
      <Filter>Header Files</Filter>
    </ClInclude>
    <ClInclude Include="graph\spring.h">
      <Filter>Header Files</Filter>
    </ClInclude>
    <ClInclude Include="scythe\scythestat\stat.h">
      <Filter>Header Files</Filter>
    </ClInclude>
    <ClInclude Include="transform3d.h">
      <Filter>Header Files</Filter>
    </ClInclude>
    <ClInclude Include="vertex.h">
      <Filter>Header Files</Filter>
    </ClInclude>
    <ClInclude Include="volume\volblockanalyzer.h">
      <Filter>Header Files</Filter>
    </ClInclude>
    <ClInclude Include="volume\volumeblock.h">
      <Filter>Header Files</Filter>
    </ClInclude>
    <CustomBuild Include="window.h">
      <Filter>Header Files</Filter>
    </CustomBuild>
    <ClInclude Include="scythe\scythestat\rng\wrapped_generator.h">
      <Filter>Header Files</Filter>
    </ClInclude>
    <ClInclude Include="BinNode.h">
      <Filter>Header Files</Filter>
    </ClInclude>
    <ClInclude Include="book.h">
      <Filter>Header Files</Filter>
    </ClInclude>
    <ClInclude Include="BSTNode.h">
      <Filter>Header Files</Filter>
    </ClInclude>
    <ClInclude Include="spatialDataPt.h">
      <Filter>Header Files</Filter>
    </ClInclude>
    <ClInclude Include="dataAnalyzer.h">
      <Filter>Header Files</Filter>
    </ClInclude>
    <ClInclude Include="KDtree.h">
      <Filter>Header Files</Filter>
    </ClInclude>
    <ClInclude Include="RegularGrid.h">
      <Filter>Header Files</Filter>
    </ClInclude>
    <ClInclude Include="voxelizer.h">
      <Filter>Header Files</Filter>
    </ClInclude>
    <ClInclude Include="Header.h">
      <Filter>Header Files</Filter>
    </ClInclude>
    <ClInclude Include="Boxplot.h">
      <Filter>Header Files</Filter>
    </ClInclude>
    <ClInclude Include="stat_info.h">
      <Filter>Header Files</Filter>
    </ClInclude>
    <ClInclude Include="octreenode.h">
      <Filter>Header Files</Filter>
    </ClInclude>
    <ClInclude Include="QGLGraphView.h">
      <Filter>Header Files</Filter>
    </ClInclude>
    <ClInclude Include="QGLAdjMatrixView.h">
      <Filter>Header Files</Filter>
    </ClInclude>
  </ItemGroup>
  <ItemGroup>
    <CustomBuild Include="debug\moc_predefs.h.cbt">
      <Filter>Generated Files</Filter>
    </CustomBuild>
    <CustomBuild Include="release\moc_predefs.h.cbt">
      <Filter>Generated Files</Filter>
    </CustomBuild>
    <ClCompile Include="debug\moc_profiler.cpp">
      <Filter>Generated Files</Filter>
    </ClCompile>
    <ClCompile Include="release\moc_profiler.cpp">
      <Filter>Generated Files</Filter>
    </ClCompile>
    <ClCompile Include="debug\moc_window.cpp">
      <Filter>Generated Files</Filter>
    </ClCompile>
    <ClCompile Include="release\moc_window.cpp">
      <Filter>Generated Files</Filter>
    </ClCompile>
    <ClCompile Include="debug\qrc_resources.cpp">
      <Filter>Generated Files</Filter>
    </ClCompile>
    <ClCompile Include="release\qrc_resources.cpp">
      <Filter>Generated Files</Filter>
    </ClCompile>
  </ItemGroup>
  <ItemGroup>
    <None Include="shaders\debug.frag">
      <Filter>Resource Files</Filter>
    </None>
    <None Include="shaders\debug.vert">
      <Filter>Resource Files</Filter>
    </None>
    <CustomBuild Include="resources.qrc">
      <Filter>Resource Files</Filter>
    </CustomBuild>
    <None Include="shaders\simple.frag">
      <Filter>Resource Files</Filter>
    </None>
    <None Include="shaders\simple.vert">
      <Filter>Resource Files</Filter>
    </None>
  </ItemGroup>
</Project>